
Microsoft Visual Studio Solution File, Format Version 12.00
# Visual Studio Version 17
VisualStudioVersion = 17.9.34701.34
MinimumVisualStudioVersion = 10.0.40219.1
Project("{FAE04EC0-301F-11D3-BF4B-00C04F79EFBC}") = "shop_api", "shop_api\shop_api.csproj", "{5DB6DD02-BAE0-4982-8599-DA0C0732B340}"
EndProject
Global
	GlobalSection(SolutionConfigurationPlatforms) = preSolution
		Debug|Any CPU = Debug|Any CPU
		Release|Any CPU = Release|Any CPU
	EndGlobalSection
	GlobalSection(ProjectConfigurationPlatforms) = postSolution
		{5DB6DD02-BAE0-4982-8599-DA0C0732B340}.Debug|Any CPU.ActiveCfg = Debug|Any CPU
		{5DB6DD02-BAE0-4982-8599-DA0C0732B340}.Debug|Any CPU.Build.0 = Debug|Any CPU
		{5DB6DD02-BAE0-4982-8599-DA0C0732B340}.Release|Any CPU.ActiveCfg = Release|Any CPU
		{5DB6DD02-BAE0-4982-8599-DA0C0732B340}.Release|Any CPU.Build.0 = Release|Any CPU
	EndGlobalSection
	GlobalSection(SolutionProperties) = preSolution
		HideSolutionNode = FALSE
	EndGlobalSection
	GlobalSection(ExtensibilityGlobals) = postSolution
		SolutionGuid = {67108E25-D6C9-400C-8DFB-DC8DD9E91D8B}
	EndGlobalSection
EndGlobal
